
Microsoft Visual Studio Solution File, Format Version 12.00
# Visual Studio Version 17
VisualStudioVersion = 17.9.34902.65
MinimumVisualStudioVersion = 10.0.40219.1
Project("{FAE04EC0-301F-11D3-BF4B-00C04F79EFBC}") = "Exercicio12", "Exercicio12\Exercicio12.csproj", "{5FD8649A-2884-4721-9059-C2EE813F5B9C}"
EndProject
Global
	GlobalSection(SolutionConfigurationPlatforms) = preSolution
		Debug|Any CPU = Debug|Any CPU
		Release|Any CPU = Release|Any CPU
	EndGlobalSection
	GlobalSection(ProjectConfigurationPlatforms) = postSolution
		{5FD8649A-2884-4721-9059-C2EE813F5B9C}.Debug|Any CPU.ActiveCfg = Debug|Any CPU
		{5FD8649A-2884-4721-9059-C2EE813F5B9C}.Debug|Any CPU.Build.0 = Debug|Any CPU
		{5FD8649A-2884-4721-9059-C2EE813F5B9C}.Release|Any CPU.ActiveCfg = Release|Any CPU
		{5FD8649A-2884-4721-9059-C2EE813F5B9C}.Release|Any CPU.Build.0 = Release|Any CPU
	EndGlobalSection
	GlobalSection(SolutionProperties) = preSolution
		HideSolutionNode = FALSE
	EndGlobalSection
	GlobalSection(ExtensibilityGlobals) = postSolution
		SolutionGuid = {4499ED74-02B7-4D0B-A9CA-DDC658AB6096}
	EndGlobalSection
EndGlobal
