
Microsoft Visual Studio Solution File, Format Version 12.00
# Visual Studio Version 17
VisualStudioVersion = 17.9.34902.65
MinimumVisualStudioVersion = 10.0.40219.1
Project("{FAE04EC0-301F-11D3-BF4B-00C04F79EFBC}") = "Exercicio8", "Exercicio8\Exercicio8.csproj", "{8D4DC9BB-3353-4AC0-9DCD-E1CD3FFD07AB}"
EndProject
Global
	GlobalSection(SolutionConfigurationPlatforms) = preSolution
		Debug|Any CPU = Debug|Any CPU
		Release|Any CPU = Release|Any CPU
	EndGlobalSection
	GlobalSection(ProjectConfigurationPlatforms) = postSolution
		{8D4DC9BB-3353-4AC0-9DCD-E1CD3FFD07AB}.Debug|Any CPU.ActiveCfg = Debug|Any CPU
		{8D4DC9BB-3353-4AC0-9DCD-E1CD3FFD07AB}.Debug|Any CPU.Build.0 = Debug|Any CPU
		{8D4DC9BB-3353-4AC0-9DCD-E1CD3FFD07AB}.Release|Any CPU.ActiveCfg = Release|Any CPU
		{8D4DC9BB-3353-4AC0-9DCD-E1CD3FFD07AB}.Release|Any CPU.Build.0 = Release|Any CPU
	EndGlobalSection
	GlobalSection(SolutionProperties) = preSolution
		HideSolutionNode = FALSE
	EndGlobalSection
	GlobalSection(ExtensibilityGlobals) = postSolution
		SolutionGuid = {E2027539-C2C9-4128-B2DE-80B32A02E4E5}
	EndGlobalSection
EndGlobal
