
Microsoft Visual Studio Solution File, Format Version 12.00
# Visual Studio Version 17
VisualStudioVersion = 17.9.34902.65
MinimumVisualStudioVersion = 10.0.40219.1
Project("{FAE04EC0-301F-11D3-BF4B-00C04F79EFBC}") = "Exercicio2", "Exercicio2\Exercicio2.csproj", "{DB194AE6-2554-4804-BFFB-216C8BEA94F9}"
EndProject
Global
	GlobalSection(SolutionConfigurationPlatforms) = preSolution
		Debug|Any CPU = Debug|Any CPU
		Release|Any CPU = Release|Any CPU
	EndGlobalSection
	GlobalSection(ProjectConfigurationPlatforms) = postSolution
		{DB194AE6-2554-4804-BFFB-216C8BEA94F9}.Debug|Any CPU.ActiveCfg = Debug|Any CPU
		{DB194AE6-2554-4804-BFFB-216C8BEA94F9}.Debug|Any CPU.Build.0 = Debug|Any CPU
		{DB194AE6-2554-4804-BFFB-216C8BEA94F9}.Release|Any CPU.ActiveCfg = Release|Any CPU
		{DB194AE6-2554-4804-BFFB-216C8BEA94F9}.Release|Any CPU.Build.0 = Release|Any CPU
	EndGlobalSection
	GlobalSection(SolutionProperties) = preSolution
		HideSolutionNode = FALSE
	EndGlobalSection
	GlobalSection(ExtensibilityGlobals) = postSolution
		SolutionGuid = {E15BA1DC-7099-4C23-A514-A0B3C43B0929}
	EndGlobalSection
EndGlobal
