
Microsoft Visual Studio Solution File, Format Version 12.00
# Visual Studio Version 17
VisualStudioVersion = 17.9.34902.65
MinimumVisualStudioVersion = 10.0.40219.1
Project("{FAE04EC0-301F-11D3-BF4B-00C04F79EFBC}") = "exercicio3", "exercicio3\exercicio3.csproj", "{ABF3CB74-9E24-4FA5-9AA7-DC0497082836}"
EndProject
Global
	GlobalSection(SolutionConfigurationPlatforms) = preSolution
		Debug|Any CPU = Debug|Any CPU
		Release|Any CPU = Release|Any CPU
	EndGlobalSection
	GlobalSection(ProjectConfigurationPlatforms) = postSolution
		{ABF3CB74-9E24-4FA5-9AA7-DC0497082836}.Debug|Any CPU.ActiveCfg = Debug|Any CPU
		{ABF3CB74-9E24-4FA5-9AA7-DC0497082836}.Debug|Any CPU.Build.0 = Debug|Any CPU
		{ABF3CB74-9E24-4FA5-9AA7-DC0497082836}.Release|Any CPU.ActiveCfg = Release|Any CPU
		{ABF3CB74-9E24-4FA5-9AA7-DC0497082836}.Release|Any CPU.Build.0 = Release|Any CPU
	EndGlobalSection
	GlobalSection(SolutionProperties) = preSolution
		HideSolutionNode = FALSE
	EndGlobalSection
	GlobalSection(ExtensibilityGlobals) = postSolution
		SolutionGuid = {FA842C6B-E1F5-4F36-AA9C-F82FF797E780}
	EndGlobalSection
EndGlobal
