
Microsoft Visual Studio Solution File, Format Version 12.00
# Visual Studio Version 17
VisualStudioVersion = 17.9.34902.65
MinimumVisualStudioVersion = 10.0.40219.1
Project("{FAE04EC0-301F-11D3-BF4B-00C04F79EFBC}") = "Exercicio7", "Exercicio7\Exercicio7.csproj", "{68031C94-06AB-4E63-A7B9-1ED75095E399}"
EndProject
Global
	GlobalSection(SolutionConfigurationPlatforms) = preSolution
		Debug|Any CPU = Debug|Any CPU
		Release|Any CPU = Release|Any CPU
	EndGlobalSection
	GlobalSection(ProjectConfigurationPlatforms) = postSolution
		{68031C94-06AB-4E63-A7B9-1ED75095E399}.Debug|Any CPU.ActiveCfg = Debug|Any CPU
		{68031C94-06AB-4E63-A7B9-1ED75095E399}.Debug|Any CPU.Build.0 = Debug|Any CPU
		{68031C94-06AB-4E63-A7B9-1ED75095E399}.Release|Any CPU.ActiveCfg = Release|Any CPU
		{68031C94-06AB-4E63-A7B9-1ED75095E399}.Release|Any CPU.Build.0 = Release|Any CPU
	EndGlobalSection
	GlobalSection(SolutionProperties) = preSolution
		HideSolutionNode = FALSE
	EndGlobalSection
	GlobalSection(ExtensibilityGlobals) = postSolution
		SolutionGuid = {D6288E5B-FDBC-400B-B163-8116E1ACE504}
	EndGlobalSection
EndGlobal
